
Microsoft Visual Studio Solution File, Format Version 11.00
# Visual Studio 2010
Project("{FAE04EC0-301F-11D3-BF4B-00C04F79EFBC}") = "Zenject", "Zenject.csproj", "{63931c8b-0e02-8963-18e2-b9de6db40586}"
EndProject
Project("{FAE04EC0-301F-11D3-BF4B-00C04F79EFBC}") = "Assembly-CSharp", "Assembly-CSharp.csproj", "{42e72a4c-9b31-e331-6bef-4bc64060f845}"
EndProject
Project("{FAE04EC0-301F-11D3-BF4B-00C04F79EFBC}") = "Zenject-Editor", "Zenject-Editor.csproj", "{f8662553-0597-ed9b-d6b3-622ba20f695f}"
EndProject
Project("{FAE04EC0-301F-11D3-BF4B-00C04F79EFBC}") = "Assembly-CSharp-firstpass", "Assembly-CSharp-firstpass.csproj", "{7ef7cc81-812a-6a9a-ae10-390ec26aff25}"
EndProject
Global
	GlobalSection(SolutionConfigurationPlatforms) = preSolution
		Debug|Any CPU = Debug|Any CPU
	EndGlobalSection
	GlobalSection(ProjectConfigurationPlatforms) = postSolution
		{63931c8b-0e02-8963-18e2-b9de6db40586}.Debug|Any CPU.ActiveCfg = Debug|Any CPU
		{63931c8b-0e02-8963-18e2-b9de6db40586}.Debug|Any CPU.Build.0 = Debug|Any CPU
		{42e72a4c-9b31-e331-6bef-4bc64060f845}.Debug|Any CPU.ActiveCfg = Debug|Any CPU
		{42e72a4c-9b31-e331-6bef-4bc64060f845}.Debug|Any CPU.Build.0 = Debug|Any CPU
		{f8662553-0597-ed9b-d6b3-622ba20f695f}.Debug|Any CPU.ActiveCfg = Debug|Any CPU
		{f8662553-0597-ed9b-d6b3-622ba20f695f}.Debug|Any CPU.Build.0 = Debug|Any CPU
		{7ef7cc81-812a-6a9a-ae10-390ec26aff25}.Debug|Any CPU.ActiveCfg = Debug|Any CPU
		{7ef7cc81-812a-6a9a-ae10-390ec26aff25}.Debug|Any CPU.Build.0 = Debug|Any CPU
	EndGlobalSection
	GlobalSection(SolutionProperties) = preSolution
		HideSolutionNode = FALSE
	EndGlobalSection
EndGlobal
